{
  "dependencies/solady": {
    "tag": {
      "name": "v0.1.26",
      "rev": "acd959aa4bd04720d640bf4e6a5c71037510cc4b"
    }
  },
  "dependencies/v4-core": {
    "tag": {
      "name": "v4.0.0",
      "rev": "e50237c43811bd9b526eff40f26772152a42daba"
    }
  },
  "dependencies/v4-periphery": {
    "rev": "3779387e5d296f39df543d23524b050f89a62917"
  }
}